
Microsoft Visual Studio Solution File, Format Version 12.00
# Visual Studio 15
VisualStudioVersion = 15.0.26730.10
MinimumVisualStudioVersion = 10.0.40219.1
Project("{888888A0-9F3D-457C-B088-3A5042F75D52}") = "wot_create_struct", "wot_create_struct.pyproj", "{D2F030CA-C454-44E9-ACF5-64A3609C09DD}"
EndProject
Global
	GlobalSection(SolutionConfigurationPlatforms) = preSolution
		Debug|Any CPU = Debug|Any CPU
		Release|Any CPU = Release|Any CPU
	EndGlobalSection
	GlobalSection(ProjectConfigurationPlatforms) = postSolution
		{D2F030CA-C454-44E9-ACF5-64A3609C09DD}.Debug|Any CPU.ActiveCfg = Debug|Any CPU
		{D2F030CA-C454-44E9-ACF5-64A3609C09DD}.Release|Any CPU.ActiveCfg = Release|Any CPU
	EndGlobalSection
	GlobalSection(SolutionProperties) = preSolution
		HideSolutionNode = FALSE
	EndGlobalSection
	GlobalSection(ExtensibilityGlobals) = postSolution
		SolutionGuid = {5F52C157-B34C-44BF-A094-7CB88C00BF07}
	EndGlobalSection
EndGlobal
